// !$*UTF8*$!
{
	archiveVersion = 1;
	classes = {
	};
	objectVersion = 50;
	objects = {

/* Begin PBXBuildFile section */
		BB8DACDE2462E15F00C4CBD1 /* Movie.swift in Sources */ = {isa = PBXBuildFile; fileRef = BB8DACDD2462E15F00C4CBD1 /* Movie.swift */; };
		BBA67DF8246200AC006D4518 /* AppDelegate.swift in Sources */ = {isa = PBXBuildFile; fileRef = BBA67DF7246200AC006D4518 /* AppDelegate.swift */; };
		BBA67DFA246200AC006D4518 /* SceneDelegate.swift in Sources */ = {isa = PBXBuildFile; fileRef = BBA67DF9246200AC006D4518 /* SceneDelegate.swift */; };
		BBA67DFC246200AC006D4518 /* MoviesListView.swift in Sources */ = {isa = PBXBuildFile; fileRef = BBA67DFB246200AC006D4518 /* MoviesListView.swift */; };
		BBA67DFE246200B2006D4518 /* Assets.xcassets in Resources */ = {isa = PBXBuildFile; fileRef = BBA67DFD246200B2006D4518 /* Assets.xcassets */; };
		BBA67E01246200B3006D4518 /* Preview Assets.xcassets in Resources */ = {isa = PBXBuildFile; fileRef = BBA67E00246200B3006D4518 /* Preview Assets.xcassets */; };
		BBA67E04246200B3006D4518 /* LaunchScreen.storyboard in Resources */ = {isa = PBXBuildFile; fileRef = BBA67E02246200B3006D4518 /* LaunchScreen.storyboard */; };
		BBA67E0C246204CB006D4518 /* MoviesDetailsView.swift in Sources */ = {isa = PBXBuildFile; fileRef = BBA67E0B246204CB006D4518 /* MoviesDetailsView.swift */; };
/* End PBXBuildFile section */

/* Begin PBXFileReference section */
		BB8DACDD2462E15F00C4CBD1 /* Movie.swift */ = {isa = PBXFileReference; lastKnownFileType = sourcecode.swift; path = Movie.swift; sourceTree = "<group>"; };
		BBA67DF4246200AC006D4518 /* MovieCW.app */ = {isa = PBXFileReference; explicitFileType = wrapper.application; includeInIndex = 0; path = MovieCW.app; sourceTree = BUILT_PRODUCTS_DIR; };
		BBA67DF7246200AC006D4518 /* AppDelegate.swift */ = {isa = PBXFileReference; lastKnownFileType = sourcecode.swift; path = AppDelegate.swift; sourceTree = "<group>"; };
		BBA67DF9246200AC006D4518 /* SceneDelegate.swift */ = {isa = PBXFileReference; lastKnownFileType = sourcecode.swift; path = SceneDelegate.swift; sourceTree = "<group>"; };
		BBA67DFB246200AC006D4518 /* MoviesListView.swift */ = {isa = PBXFileReference; lastKnownFileType = sourcecode.swift; path = MoviesListView.swift; sourceTree = "<group>"; };
		BBA67DFD246200B2006D4518 /* Assets.xcassets */ = {isa = PBXFileReference; lastKnownFileType = folder.assetcatalog; path = Assets.xcassets; sourceTree = "<group>"; };
		BBA67E00246200B3006D4518 /* Preview Assets.xcassets */ = {isa = PBXFileReference; lastKnownFileType = folder.assetcatalog; path = "Preview Assets.xcassets"; sourceTree = "<group>"; };
		BBA67E03246200B3006D4518 /* Base */ = {isa = PBXFileReference; lastKnownFileType = file.storyboard; name = Base; path = Base.lproj/LaunchScreen.storyboard; sourceTree = "<group>"; };
		BBA67E05246200B3006D4518 /* Info.plist */ = {isa = PBXFileReference; lastKnownFileType = text.plist.xml; path = Info.plist; sourceTree = "<group>"; };
		BBA67E0B246204CB006D4518 /* MoviesDetailsView.swift */ = {isa = PBXFileReference; lastKnownFileType = sourcecode.swift; path = MoviesDetailsView.swift; sourceTree = "<group>"; };
/* End PBXFileReference section */

/* Begin PBXFrameworksBuildPhase section */
		BBA67DF1246200AC006D4518 /* Frameworks */ = {
			isa = PBXFrameworksBuildPhase;
			buildActionMask = 2147483647;
			files = (
			);
			runOnlyForDeploymentPostprocessing = 0;
		};
/* End PBXFrameworksBuildPhase section */

/* Begin PBXGroup section */
		BB080AFD24623EA9006A9FBA /* Views */ = {
			isa = PBXGroup;
			children = (
				BBA67DFB246200AC006D4518 /* MoviesListView.swift */,
				BBA67E0B246204CB006D4518 /* MoviesDetailsView.swift */,
			);
			path = Views;
			sourceTree = "<group>";
		};
		BB8DACDC2462E10300C4CBD1 /* Models */ = {
			isa = PBXGroup;
			children = (
				BB8DACDD2462E15F00C4CBD1 /* Movie.swift */,
			);
			path = Models;
			sourceTree = "<group>";
		};
		BBA67DEB246200AC006D4518 = {
			isa = PBXGroup;
			children = (
				BBA67DF6246200AC006D4518 /* MovieCW */,
				BBA67DF5246200AC006D4518 /* Products */,
			);
			sourceTree = "<group>";
		};
		BBA67DF5246200AC006D4518 /* Products */ = {
			isa = PBXGroup;
			children = (
				BBA67DF4246200AC006D4518 /* MovieCW.app */,
			);
			name = Products;
			sourceTree = "<group>";
		};
		BBA67DF6246200AC006D4518 /* MovieCW */ = {
			isa = PBXGroup;
			children = (
				BBA67DF7246200AC006D4518 /* AppDelegate.swift */,
				BBA67DF9246200AC006D4518 /* SceneDelegate.swift */,
				BB8DACDC2462E10300C4CBD1 /* Models */,
				BB080AFD24623EA9006A9FBA /* Views */,
				BBA67DFD246200B2006D4518 /* Assets.xcassets */,
				BBA67E02246200B3006D4518 /* LaunchScreen.storyboard */,
				BBA67E05246200B3006D4518 /* Info.plist */,
				BBA67DFF246200B3006D4518 /* Preview Content */,
			);
			path = MovieCW;
			sourceTree = "<group>";
		};
		BBA67DFF246200B3006D4518 /* Preview Content */ = {
			isa = PBXGroup;
			children = (
				BBA67E00246200B3006D4518 /* Preview Assets.xcassets */,
			);
			path = "Preview Content";
			sourceTree = "<group>";
		};
/* End PBXGroup section */

/* Begin PBXNativeTarget section */
		BBA67DF3246200AC006D4518 /* MovieCW */ = {
			isa = PBXNativeTarget;
			buildConfigurationList = BBA67E08246200B3006D4518 /* Build configuration list for PBXNativeTarget "MovieCW" */;
			buildPhases = (
				BBA67DF0246200AC006D4518 /* Sources */,
				BBA67DF1246200AC006D4518 /* Frameworks */,
				BBA67DF2246200AC006D4518 /* Resources */,
			);
			buildRules = (
			);
			dependencies = (
			);
			name = MovieCW;
			productName = MovieCW;
			productReference = BBA67DF4246200AC006D4518 /* MovieCW.app */;
			productType = "com.apple.product-type.application";
		};
/* End PBXNativeTarget section */

/* Begin PBXProject section */
		BBA67DEC246200AC006D4518 /* Project object */ = {
			isa = PBXProject;
			attributes = {
				LastSwiftUpdateCheck = 1140;
				LastUpgradeCheck = 1140;
				ORGANIZATIONNAME = EngSrayea;
				TargetAttributes = {
					BBA67DF3246200AC006D4518 = {
						CreatedOnToolsVersion = 11.4;
					};
				};
			};
			buildConfigurationList = BBA67DEF246200AC006D4518 /* Build configuration list for PBXProject "MovieCW" */;
			compatibilityVersion = "Xcode 9.3";
			developmentRegion = en;
			hasScannedForEncodings = 0;
			knownRegions = (
				en,
				Base,
			);
			mainGroup = BBA67DEB246200AC006D4518;
			productRefGroup = BBA67DF5246200AC006D4518 /* Products */;
			projectDirPath = "";
			projectRoot = "";
			targets = (
				BBA67DF3246200AC006D4518 /* MovieCW */,
			);
		};
/* End PBXProject section */

/* Begin PBXResourcesBuildPhase section */
		BBA67DF2246200AC006D4518 /* Resources */ = {
			isa = PBXResourcesBuildPhase;
			buildActionMask = 2147483647;
			files = (
				BBA67E04246200B3006D4518 /* LaunchScreen.storyboard in Resources */,
				BBA67E01246200B3006D4518 /* Preview Assets.xcassets in Resources */,
				BBA67DFE246200B2006D4518 /* Assets.xcassets in Resources */,
			);
			runOnlyForDeploymentPostprocessing = 0;
		};
/* End PBXResourcesBuildPhase section */

/* Begin PBXSourcesBuildPhase section */
		BBA67DF0246200AC006D4518 /* Sources */ = {
			isa = PBXSourcesBuildPhase;
			buildActionMask = 2147483647;
			files = (
				BBA67DF8246200AC006D4518 /* AppDelegate.swift in Sources */,
				BBA67DFA246200AC006D4518 /* SceneDelegate.swift in Sources */,
				BBA67E0C246204CB006D4518 /* MoviesDetailsView.swift in Sources */,
				BBA67DFC246200AC006D4518 /* MoviesListView.swift in Sources */,
				BB8DACDE2462E15F00C4CBD1 /* Movie.swift in Sources */,
			);
			runOnlyForDeploymentPostprocessing = 0;
		};
/* End PBXSourcesBuildPhase section */

/* Begin PBXVariantGroup section */
		BBA67E02246200B3006D4518 /* LaunchScreen.storyboard */ = {
			isa = PBXVariantGroup;
			children = (
				BBA67E03246200B3006D4518 /* Base */,
			);
			name = LaunchScreen.storyboard;
			sourceTree = "<group>";
		};
/* End PBXVariantGroup section */

/* Begin XCBuildConfiguration section */
		BBA67E06246200B3006D4518 /* Debug */ = {
			isa = XCBuildConfiguration;
			buildSettings = {
				ALWAYS_SEARCH_USER_PATHS = NO;
				CLANG_ANALYZER_NONNULL = YES;
				CLANG_ANALYZER_NUMBER_OBJECT_CONVERSION = YES_AGGRESSIVE;
				CLANG_CXX_LANGUAGE_STANDARD = "gnu++14";
				CLANG_CXX_LIBRARY = "libc++";
				CLANG_ENABLE_MODULES = YES;
				CLANG_ENABLE_OBJC_ARC = YES;
				CLANG_ENABLE_OBJC_WEAK = YES;
				CLANG_WARN_BLOCK_CAPTURE_AUTORELEASING = YES;
				CLANG_WARN_BOOL_CONVERSION = YES;
				CLANG_WARN_COMMA = YES;
				CLANG_WARN_CONSTANT_CONVERSION = YES;
				CLANG_WARN_DEPRECATED_OBJC_IMPLEMENTATIONS = YES;
				CLANG_WARN_DIRECT_OBJC_ISA_USAGE = YES_ERROR;
				CLANG_WARN_DOCUMENTATION_COMMENTS = YES;
				CLANG_WARN_EMPTY_BODY = YES;
				CLANG_WARN_ENUM_CONVERSION = YES;
				CLANG_WARN_INFINITE_RECURSION = YES;
				CLANG_WARN_INT_CONVERSION = YES;
				CLANG_WARN_NON_LITERAL_NULL_CONVERSION = YES;
				CLANG_WARN_OBJC_IMPLICIT_RETAIN_SELF = YES;
				CLANG_WARN_OBJC_LITERAL_CONVERSION = YES;
				CLANG_WARN_OBJC_ROOT_CLASS = YES_ERROR;
				CLANG_WARN_RANGE_LOOP_ANALYSIS = YES;
				CLANG_WARN_STRICT_PROTOTYPES = YES;
				CLANG_WARN_SUSPICIOUS_MOVE = YES;
				CLANG_WARN_UNGUARDED_AVAILABILITY = YES_AGGRESSIVE;
				CLANG_WARN_UNREACHABLE_CODE = YES;
				CLANG_WARN__DUPLICATE_METHOD_MATCH = YES;
				COPY_PHASE_STRIP = NO;
				DEBUG_INFORMATION_FORMAT = dwarf;
				ENABLE_STRICT_OBJC_MSGSEND = YES;
				ENABLE_TESTABILITY = YES;
				GCC_C_LANGUAGE_STANDARD = gnu11;
				GCC_DYNAMIC_NO_PIC = NO;
				GCC_NO_COMMON_BLOCKS = YES;
				GCC_OPTIMIZATION_LEVEL = 0;
				GCC_PREPROCESSOR_DEFINITIONS = (
					"DEBUG=1",
					"$(inherited)",
				);
				GCC_WARN_64_TO_32_BIT_CONVERSION = YES;
				GCC_WARN_ABOUT_RETURN_TYPE = YES_ERROR;
				GCC_WARN_UNDECLARED_SELECTOR = YES;
				GCC_WARN_UNINITIALIZED_AUTOS = YES_AGGRESSIVE;
				GCC_WARN_UNUSED_FUNCTION = YES;
				GCC_WARN_UNUSED_VARIABLE = YES;
				IPHONEOS_DEPLOYMENT_TARGET = 13.4;
				MTL_ENABLE_DEBUG_INFO = INCLUDE_SOURCE;
				MTL_FAST_MATH = YES;
				ONLY_ACTIVE_ARCH = YES;
				SDKROOT = iphoneos;
				SWIFT_ACTIVE_COMPILATION_CONDITIONS = DEBUG;
				SWIFT_OPTIMIZATION_LEVEL = "-Onone";
			};
			name = Debug;
		};
		BBA67E07246200B3006D4518 /* Release */ = {
			isa = XCBuildConfiguration;
			buildSettings = {
				ALWAYS_SEARCH_USER_PATHS = NO;
				CLANG_ANALYZER_NONNULL = YES;
				CLANG_ANALYZER_NUMBER_OBJECT_CONVERSION = YES_AGGRESSIVE;
				CLANG_CXX_LANGUAGE_STANDARD = "gnu++14";
				CLANG_CXX_LIBRARY = "libc++";
				CLANG_ENABLE_MODULES = YES;
				CLANG_ENABLE_OBJC_ARC = YES;
				CLANG_ENABLE_OBJC_WEAK = YES;
				CLANG_WARN_BLOCK_CAPTURE_AUTORELEASING = YES;
				CLANG_WARN_BOOL_CONVERSION = YES;
				CLANG_WARN_COMMA = YES;
				CLANG_WARN_CONSTANT_CONVERSION = YES;
				CLANG_WARN_DEPRECATED_OBJC_IMPLEMENTATIONS = YES;
				CLANG_WARN_DIRECT_OBJC_ISA_USAGE = YES_ERROR;
				CLANG_WARN_DOCUMENTATION_COMMENTS = YES;
				CLANG_WARN_EMPTY_BODY = YES;
				CLANG_WARN_ENUM_CONVERSION = YES;
				CLANG_WARN_INFINITE_RECURSION = YES;
				CLANG_WARN_INT_CONVERSION = YES;
				CLANG_WARN_NON_LITERAL_NULL_CONVERSION = YES;
				CLANG_WARN_OBJC_IMPLICIT_RETAIN_SELF = YES;
				CLANG_WARN_OBJC_LITERAL_CONVERSION = YES;
				CLANG_WARN_OBJC_ROOT_CLASS = YES_ERROR;
				CLANG_WARN_RANGE_LOOP_ANALYSIS = YES;
				CLANG_WARN_STRICT_PROTOTYPES = YES;
				CLANG_WARN_SUSPICIOUS_MOVE = YES;
				CLANG_WARN_UNGUARDED_AVAILABILITY = YES_AGGRESSIVE;
				CLANG_WARN_UNREACHABLE_CODE = YES;
				CLANG_WARN__DUPLICATE_METHOD_MATCH = YES;
				COPY_PHASE_STRIP = NO;
				DEBUG_INFORMATION_FORMAT = "dwarf-with-dsym";
				ENABLE_NS_ASSERTIONS = NO;
				ENABLE_STRICT_OBJC_MSGSEND = YES;
				GCC_C_LANGUAGE_STANDARD = gnu11;
				GCC_NO_COMMON_BLOCKS = YES;
				GCC_WARN_64_TO_32_BIT_CONVERSION = YES;
				GCC_WARN_ABOUT_RETURN_TYPE = YES_ERROR;
				GCC_WARN_UNDECLARED_SELECTOR = YES;
				GCC_WARN_UNINITIALIZED_AUTOS = YES_AGGRESSIVE;
				GCC_WARN_UNUSED_FUNCTION = YES;
				GCC_WARN_UNUSED_VARIABLE = YES;
				IPHONEOS_DEPLOYMENT_TARGET = 13.4;
				MTL_ENABLE_DEBUG_INFO = NO;
				MTL_FAST_MATH = YES;
				SDKROOT = iphoneos;
				SWIFT_COMPILATION_MODE = wholemodule;
				SWIFT_OPTIMIZATION_LEVEL = "-O";
				VALIDATE_PRODUCT = YES;
			};
			name = Release;
		};
		BBA67E09246200B3006D4518 /* Debug */ = {
			isa = XCBuildConfiguration;
			buildSettings = {
				ASSETCATALOG_COMPILER_APPICON_NAME = AppIcon;
				CODE_SIGN_STYLE = Automatic;
				DEVELOPMENT_ASSET_PATHS = "\"MovieCW/Preview Content\"";
				DEVELOPMENT_TEAM = R4WCWV874T;
				ENABLE_PREVIEWS = YES;
				INFOPLIST_FILE = MovieCW/Info.plist;
				LD_RUNPATH_SEARCH_PATHS = (
					"$(inherited)",
					"@executable_path/Frameworks",
				);
				PRODUCT_BUNDLE_IDENTIFIER = com.EngSrayea.MovieCW;
				PRODUCT_NAME = "$(TARGET_NAME)";
				SWIFT_VERSION = 5.0;
				TARGETED_DEVICE_FAMILY = "1,2";
			};
			name = Debug;
		};
		BBA67E0A246200B3006D4518 /* Release */ = {
			isa = XCBuildConfiguration;
			buildSettings = {
				ASSETCATALOG_COMPILER_APPICON_NAME = AppIcon;
				CODE_SIGN_STYLE = Automatic;
				DEVELOPMENT_ASSET_PATHS = "\"MovieCW/Preview Content\"";
				DEVELOPMENT_TEAM = R4WCWV874T;
				ENABLE_PREVIEWS = YES;
				INFOPLIST_FILE = MovieCW/Info.plist;
				LD_RUNPATH_SEARCH_PATHS = (
					"$(inherited)",
					"@executable_path/Frameworks",
				);
				PRODUCT_BUNDLE_IDENTIFIER = com.EngSrayea.MovieCW;
				PRODUCT_NAME = "$(TARGET_NAME)";
				SWIFT_VERSION = 5.0;
				TARGETED_DEVICE_FAMILY = "1,2";
			};
			name = Release;
		};
/* End XCBuildConfiguration section */

/* Begin XCConfigurationList section */
		BBA67DEF246200AC006D4518 /* Build configuration list for PBXProject "MovieCW" */ = {
			isa = XCConfigurationList;
			buildConfigurations = (
				BBA67E06246200B3006D4518 /* Debug */,
				BBA67E07246200B3006D4518 /* Release */,
			);
			defaultConfigurationIsVisible = 0;
			defaultConfigurationName = Release;
		};
		BBA67E08246200B3006D4518 /* Build configuration list for PBXNativeTarget "MovieCW" */ = {
			isa = XCConfigurationList;
			buildConfigurations = (
				BBA67E09246200B3006D4518 /* Debug */,
				BBA67E0A246200B3006D4518 /* Release */,
			);
			defaultConfigurationIsVisible = 0;
			defaultConfigurationName = Release;
		};
/* End XCConfigurationList section */
	};
	rootObject = BBA67DEC246200AC006D4518 /* Project object */;
}
